// !$*UTF8*$!
{
	archiveVersion = 1;
	classes = {
	};
	objectVersion = 50;
	objects = {

/* Begin PBXBuildFile section */
		66130FE226BC91D5002DA3C0 /* green.png in Resources */ = {isa = PBXBuildFile; fileRef = 66130FE126BC91D5002DA3C0 /* green.png */; };
		6626A65F26C2EC27009F78DA /* Player.swift in Sources */ = {isa = PBXBuildFile; fileRef = 6626A65E26C2EC27009F78DA /* Player.swift */; };
		6626A66226C2FA46009F78DA /* Enemy.swift in Sources */ = {isa = PBXBuildFile; fileRef = 6626A66126C2FA46009F78DA /* Enemy.swift */; };
		666682672795E2A6005F2DA3 /* GameOverNode.swift in Sources */ = {isa = PBXBuildFile; fileRef = 666682662795E2A6005F2DA3 /* GameOverNode.swift */; };
		66A391CF26BDA93D00DC0E85 /* Starfield8.png in Resources */ = {isa = PBXBuildFile; fileRef = 66A391CC26BDA93D00DC0E85 /* Starfield8.png */; };
		66A391D026BDA93D00DC0E85 /* Starfield2.png in Resources */ = {isa = PBXBuildFile; fileRef = 66A391CD26BDA93D00DC0E85 /* Starfield2.png */; };
		66A391D126BDA93D00DC0E85 /* Starfield7.png in Resources */ = {isa = PBXBuildFile; fileRef = 66A391CE26BDA93D00DC0E85 /* Starfield7.png */; };
		66A391D626BDAABA00DC0E85 /* BlueNebula4.png in Resources */ = {isa = PBXBuildFile; fileRef = 66A391D226BDAAB900DC0E85 /* BlueNebula4.png */; };
		66A391D726BDAABA00DC0E85 /* BlueNebula7.png in Resources */ = {isa = PBXBuildFile; fileRef = 66A391D326BDAABA00DC0E85 /* BlueNebula7.png */; };
		66A391D826BDAABA00DC0E85 /* BlueNebula8.png in Resources */ = {isa = PBXBuildFile; fileRef = 66A391D426BDAABA00DC0E85 /* BlueNebula8.png */; };
		66A391D926BDAABA00DC0E85 /* BlueNebula1.png in Resources */ = {isa = PBXBuildFile; fileRef = 66A391D526BDAABA00DC0E85 /* BlueNebula1.png */; };
		66A4778226BC5E2200C4652E /* spaceBackground.jpg in Resources */ = {isa = PBXBuildFile; fileRef = 66A4778126BC5E2200C4652E /* spaceBackground.jpg */; };
		66E8B0D626C0738C002716F8 /* Astronaut.jpg in Resources */ = {isa = PBXBuildFile; fileRef = 66E8B0D526C0738C002716F8 /* Astronaut.jpg */; };
		66E8B0D826C076A6002716F8 /* Astronaut1.png in Resources */ = {isa = PBXBuildFile; fileRef = 66E8B0D726C076A6002716F8 /* Astronaut1.png */; };
		C61DEB4222514B09004BAADF /* AppDelegate.swift in Sources */ = {isa = PBXBuildFile; fileRef = C61DEB4122514B09004BAADF /* AppDelegate.swift */; };
		C61DEB4822514B09004BAADF /* GameScene.swift in Sources */ = {isa = PBXBuildFile; fileRef = C61DEB4722514B09004BAADF /* GameScene.swift */; };
		C61DEB4A22514B09004BAADF /* GameViewController.swift in Sources */ = {isa = PBXBuildFile; fileRef = C61DEB4922514B09004BAADF /* GameViewController.swift */; };
		C61DEB4D22514B09004BAADF /* Main.storyboard in Resources */ = {isa = PBXBuildFile; fileRef = C61DEB4B22514B09004BAADF /* Main.storyboard */; };
		C61DEB4F22514B0A004BAADF /* Assets.xcassets in Resources */ = {isa = PBXBuildFile; fileRef = C61DEB4E22514B0A004BAADF /* Assets.xcassets */; };
		C61DEB5222514B0A004BAADF /* LaunchScreen.storyboard in Resources */ = {isa = PBXBuildFile; fileRef = C61DEB5022514B0A004BAADF /* LaunchScreen.storyboard */; };
		C61DEB7B22514C37004BAADF /* Wind_9.png in Resources */ = {isa = PBXBuildFile; fileRef = C61DEB5B22514C34004BAADF /* Wind_9.png */; };
		C61DEB7C22514C37004BAADF /* Explosion_8.png in Resources */ = {isa = PBXBuildFile; fileRef = C61DEB5C22514C34004BAADF /* Explosion_8.png */; };
		C61DEB7D22514C37004BAADF /* Wind_1.png in Resources */ = {isa = PBXBuildFile; fileRef = C61DEB5D22514C34004BAADF /* Wind_1.png */; };
		C61DEB7E22514C37004BAADF /* Wind_6.png in Resources */ = {isa = PBXBuildFile; fileRef = C61DEB5E22514C34004BAADF /* Wind_6.png */; };
		C61DEB7F22514C37004BAADF /* Explosion_4.png in Resources */ = {isa = PBXBuildFile; fileRef = C61DEB5F22514C34004BAADF /* Explosion_4.png */; };
		C61DEB8022514C37004BAADF /* Explosion_11.png in Resources */ = {isa = PBXBuildFile; fileRef = C61DEB6022514C34004BAADF /* Explosion_11.png */; };
		C61DEB8122514C37004BAADF /* Explosion_12.png in Resources */ = {isa = PBXBuildFile; fileRef = C61DEB6122514C34004BAADF /* Explosion_12.png */; };
		C61DEB8222514C37004BAADF /* Bomb_1.png in Resources */ = {isa = PBXBuildFile; fileRef = C61DEB6222514C34004BAADF /* Bomb_1.png */; };
		C61DEB8322514C37004BAADF /* Explosion_10.png in Resources */ = {isa = PBXBuildFile; fileRef = C61DEB6322514C34004BAADF /* Explosion_10.png */; };
		C61DEB8422514C37004BAADF /* Explosion_7.png in Resources */ = {isa = PBXBuildFile; fileRef = C61DEB6422514C34004BAADF /* Explosion_7.png */; };
		C61DEB8522514C37004BAADF /* Explosion_3.png in Resources */ = {isa = PBXBuildFile; fileRef = C61DEB6522514C34004BAADF /* Explosion_3.png */; };
		C61DEB8622514C37004BAADF /* Wind_16.png in Resources */ = {isa = PBXBuildFile; fileRef = C61DEB6622514C35004BAADF /* Wind_16.png */; };
		C61DEB8722514C37004BAADF /* Wind_10.png in Resources */ = {isa = PBXBuildFile; fileRef = C61DEB6722514C35004BAADF /* Wind_10.png */; };
		C61DEB8822514C37004BAADF /* Explosion_1.png in Resources */ = {isa = PBXBuildFile; fileRef = C61DEB6822514C35004BAADF /* Explosion_1.png */; };
		C61DEB8922514C37004BAADF /* Bomb_2.png in Resources */ = {isa = PBXBuildFile; fileRef = C61DEB6922514C35004BAADF /* Bomb_2.png */; };
		C61DEB8A22514C37004BAADF /* Explosion_9.png in Resources */ = {isa = PBXBuildFile; fileRef = C61DEB6A22514C35004BAADF /* Explosion_9.png */; };
		C61DEB8B22514C37004BAADF /* Wind_11.png in Resources */ = {isa = PBXBuildFile; fileRef = C61DEB6B22514C35004BAADF /* Wind_11.png */; };
		C61DEB8C22514C37004BAADF /* Wind_14.png in Resources */ = {isa = PBXBuildFile; fileRef = C61DEB6C22514C35004BAADF /* Wind_14.png */; };
		C61DEB8D22514C37004BAADF /* Wind_12.png in Resources */ = {isa = PBXBuildFile; fileRef = C61DEB6D22514C35004BAADF /* Wind_12.png */; };
		C61DEB8E22514C37004BAADF /* Wind_2.png in Resources */ = {isa = PBXBuildFile; fileRef = C61DEB6E22514C35004BAADF /* Wind_2.png */; };
		C61DEB8F22514C37004BAADF /* Wind_5.png in Resources */ = {isa = PBXBuildFile; fileRef = C61DEB6F22514C35004BAADF /* Wind_5.png */; };
		C61DEB9022514C37004BAADF /* Explosion_6.png in Resources */ = {isa = PBXBuildFile; fileRef = C61DEB7022514C35004BAADF /* Explosion_6.png */; };
		C61DEB9122514C37004BAADF /* Wind_3.png in Resources */ = {isa = PBXBuildFile; fileRef = C61DEB7122514C35004BAADF /* Wind_3.png */; };
		C61DEB9222514C37004BAADF /* Explosion_2.png in Resources */ = {isa = PBXBuildFile; fileRef = C61DEB7222514C35004BAADF /* Explosion_2.png */; };
		C61DEB9322514C37004BAADF /* Wind_8.png in Resources */ = {isa = PBXBuildFile; fileRef = C61DEB7322514C35004BAADF /* Wind_8.png */; };
		C61DEB9422514C37004BAADF /* Bomb_3.png in Resources */ = {isa = PBXBuildFile; fileRef = C61DEB7422514C36004BAADF /* Bomb_3.png */; };
		C61DEB9522514C37004BAADF /* Wind_4.png in Resources */ = {isa = PBXBuildFile; fileRef = C61DEB7522514C36004BAADF /* Wind_4.png */; };
		C61DEB9622514C37004BAADF /* Explosion_5.png in Resources */ = {isa = PBXBuildFile; fileRef = C61DEB7622514C36004BAADF /* Explosion_5.png */; };
		C61DEB9722514C37004BAADF /* Wind_7.png in Resources */ = {isa = PBXBuildFile; fileRef = C61DEB7722514C36004BAADF /* Wind_7.png */; };
		C61DEB9822514C37004BAADF /* Wind_13.png in Resources */ = {isa = PBXBuildFile; fileRef = C61DEB7822514C36004BAADF /* Wind_13.png */; };
		C61DEB9922514C37004BAADF /* Background.png in Resources */ = {isa = PBXBuildFile; fileRef = C61DEB7922514C36004BAADF /* Background.png */; };
		C61DEB9A22514C37004BAADF /* Wind_15.png in Resources */ = {isa = PBXBuildFile; fileRef = C61DEB7A22514C36004BAADF /* Wind_15.png */; };
		C61DEB9C22514E9F004BAADF /* GameScene+Physics.swift in Sources */ = {isa = PBXBuildFile; fileRef = C61DEB9B22514E9F004BAADF /* GameScene+Physics.swift */; };
		C61DEB9F22515006004BAADF /* SKSpriteNode+Physics.swift in Sources */ = {isa = PBXBuildFile; fileRef = C61DEB9E22515006004BAADF /* SKSpriteNode+Physics.swift */; };
		C61DEBA12251618F004BAADF /* GameScene+Extras.swift in Sources */ = {isa = PBXBuildFile; fileRef = C61DEBA02251618F004BAADF /* GameScene+Extras.swift */; };
		C61DEBA322516F5F004BAADF /* GameScene+Generators.swift in Sources */ = {isa = PBXBuildFile; fileRef = C61DEBA222516F5F004BAADF /* GameScene+Generators.swift */; };
		C67BF9232253A2BB00DA60B3 /* explosion_sound.wav in Resources */ = {isa = PBXBuildFile; fileRef = C67BF9222253A2BB00DA60B3 /* explosion_sound.wav */; };
/* End PBXBuildFile section */

/* Begin PBXFileReference section */
		66130FE126BC91D5002DA3C0 /* green.png */ = {isa = PBXFileReference; lastKnownFileType = image.png; path = green.png; sourceTree = "<group>"; };
		6626A65E26C2EC27009F78DA /* Player.swift */ = {isa = PBXFileReference; lastKnownFileType = sourcecode.swift; path = Player.swift; sourceTree = "<group>"; };
		6626A66126C2FA46009F78DA /* Enemy.swift */ = {isa = PBXFileReference; lastKnownFileType = sourcecode.swift; path = Enemy.swift; sourceTree = "<group>"; };
		666682662795E2A6005F2DA3 /* GameOverNode.swift */ = {isa = PBXFileReference; lastKnownFileType = sourcecode.swift; path = GameOverNode.swift; sourceTree = "<group>"; };
		66A391CC26BDA93D00DC0E85 /* Starfield8.png */ = {isa = PBXFileReference; lastKnownFileType = image.png; path = Starfield8.png; sourceTree = "<group>"; };
		66A391CD26BDA93D00DC0E85 /* Starfield2.png */ = {isa = PBXFileReference; lastKnownFileType = image.png; path = Starfield2.png; sourceTree = "<group>"; };
		66A391CE26BDA93D00DC0E85 /* Starfield7.png */ = {isa = PBXFileReference; lastKnownFileType = image.png; path = Starfield7.png; sourceTree = "<group>"; };
		66A391D226BDAAB900DC0E85 /* BlueNebula4.png */ = {isa = PBXFileReference; lastKnownFileType = image.png; path = BlueNebula4.png; sourceTree = "<group>"; };
		66A391D326BDAABA00DC0E85 /* BlueNebula7.png */ = {isa = PBXFileReference; lastKnownFileType = image.png; path = BlueNebula7.png; sourceTree = "<group>"; };
		66A391D426BDAABA00DC0E85 /* BlueNebula8.png */ = {isa = PBXFileReference; lastKnownFileType = image.png; path = BlueNebula8.png; sourceTree = "<group>"; };
		66A391D526BDAABA00DC0E85 /* BlueNebula1.png */ = {isa = PBXFileReference; lastKnownFileType = image.png; path = BlueNebula1.png; sourceTree = "<group>"; };
		66A4778126BC5E2200C4652E /* spaceBackground.jpg */ = {isa = PBXFileReference; lastKnownFileType = image.jpeg; path = spaceBackground.jpg; sourceTree = "<group>"; };
		66E8B0D526C0738C002716F8 /* Astronaut.jpg */ = {isa = PBXFileReference; lastKnownFileType = image.jpeg; path = Astronaut.jpg; sourceTree = "<group>"; };
		66E8B0D726C076A6002716F8 /* Astronaut1.png */ = {isa = PBXFileReference; lastKnownFileType = image.png; path = Astronaut1.png; sourceTree = "<group>"; };
		C61DEB3E22514B09004BAADF /* Intro.app */ = {isa = PBXFileReference; explicitFileType = wrapper.application; includeInIndex = 0; path = Intro.app; sourceTree = BUILT_PRODUCTS_DIR; };
		C61DEB4122514B09004BAADF /* AppDelegate.swift */ = {isa = PBXFileReference; lastKnownFileType = sourcecode.swift; path = AppDelegate.swift; sourceTree = "<group>"; };
		C61DEB4722514B09004BAADF /* GameScene.swift */ = {isa = PBXFileReference; lastKnownFileType = sourcecode.swift; path = GameScene.swift; sourceTree = "<group>"; };
		C61DEB4922514B09004BAADF /* GameViewController.swift */ = {isa = PBXFileReference; lastKnownFileType = sourcecode.swift; path = GameViewController.swift; sourceTree = "<group>"; };
		C61DEB4C22514B09004BAADF /* Base */ = {isa = PBXFileReference; lastKnownFileType = file.storyboard; name = Base; path = Base.lproj/Main.storyboard; sourceTree = "<group>"; };
		C61DEB4E22514B0A004BAADF /* Assets.xcassets */ = {isa = PBXFileReference; lastKnownFileType = folder.assetcatalog; path = Assets.xcassets; sourceTree = "<group>"; };
		C61DEB5122514B0A004BAADF /* Base */ = {isa = PBXFileReference; lastKnownFileType = file.storyboard; name = Base; path = Base.lproj/LaunchScreen.storyboard; sourceTree = "<group>"; };
		C61DEB5322514B0A004BAADF /* Info.plist */ = {isa = PBXFileReference; lastKnownFileType = text.plist.xml; path = Info.plist; sourceTree = "<group>"; };
		C61DEB5B22514C34004BAADF /* Wind_9.png */ = {isa = PBXFileReference; lastKnownFileType = image.png; path = Wind_9.png; sourceTree = "<group>"; };
		C61DEB5C22514C34004BAADF /* Explosion_8.png */ = {isa = PBXFileReference; lastKnownFileType = image.png; path = Explosion_8.png; sourceTree = "<group>"; };
		C61DEB5D22514C34004BAADF /* Wind_1.png */ = {isa = PBXFileReference; lastKnownFileType = image.png; path = Wind_1.png; sourceTree = "<group>"; };
		C61DEB5E22514C34004BAADF /* Wind_6.png */ = {isa = PBXFileReference; lastKnownFileType = image.png; path = Wind_6.png; sourceTree = "<group>"; };
		C61DEB5F22514C34004BAADF /* Explosion_4.png */ = {isa = PBXFileReference; lastKnownFileType = image.png; path = Explosion_4.png; sourceTree = "<group>"; };
		C61DEB6022514C34004BAADF /* Explosion_11.png */ = {isa = PBXFileReference; lastKnownFileType = image.png; path = Explosion_11.png; sourceTree = "<group>"; };
		C61DEB6122514C34004BAADF /* Explosion_12.png */ = {isa = PBXFileReference; lastKnownFileType = image.png; path = Explosion_12.png; sourceTree = "<group>"; };
		C61DEB6222514C34004BAADF /* Bomb_1.png */ = {isa = PBXFileReference; lastKnownFileType = image.png; path = Bomb_1.png; sourceTree = "<group>"; };
		C61DEB6322514C34004BAADF /* Explosion_10.png */ = {isa = PBXFileReference; lastKnownFileType = image.png; path = Explosion_10.png; sourceTree = "<group>"; };
		C61DEB6422514C34004BAADF /* Explosion_7.png */ = {isa = PBXFileReference; lastKnownFileType = image.png; path = Explosion_7.png; sourceTree = "<group>"; };
		C61DEB6522514C34004BAADF /* Explosion_3.png */ = {isa = PBXFileReference; lastKnownFileType = image.png; path = Explosion_3.png; sourceTree = "<group>"; };
		C61DEB6622514C35004BAADF /* Wind_16.png */ = {isa = PBXFileReference; lastKnownFileType = image.png; path = Wind_16.png; sourceTree = "<group>"; };
		C61DEB6722514C35004BAADF /* Wind_10.png */ = {isa = PBXFileReference; lastKnownFileType = image.png; path = Wind_10.png; sourceTree = "<group>"; };
		C61DEB6822514C35004BAADF /* Explosion_1.png */ = {isa = PBXFileReference; lastKnownFileType = image.png; path = Explosion_1.png; sourceTree = "<group>"; };
		C61DEB6922514C35004BAADF /* Bomb_2.png */ = {isa = PBXFileReference; lastKnownFileType = image.png; path = Bomb_2.png; sourceTree = "<group>"; };
		C61DEB6A22514C35004BAADF /* Explosion_9.png */ = {isa = PBXFileReference; lastKnownFileType = image.png; path = Explosion_9.png; sourceTree = "<group>"; };
		C61DEB6B22514C35004BAADF /* Wind_11.png */ = {isa = PBXFileReference; lastKnownFileType = image.png; path = Wind_11.png; sourceTree = "<group>"; };
		C61DEB6C22514C35004BAADF /* Wind_14.png */ = {isa = PBXFileReference; lastKnownFileType = image.png; path = Wind_14.png; sourceTree = "<group>"; };
		C61DEB6D22514C35004BAADF /* Wind_12.png */ = {isa = PBXFileReference; lastKnownFileType = image.png; path = Wind_12.png; sourceTree = "<group>"; };
		C61DEB6E22514C35004BAADF /* Wind_2.png */ = {isa = PBXFileReference; lastKnownFileType = image.png; path = Wind_2.png; sourceTree = "<group>"; };
		C61DEB6F22514C35004BAADF /* Wind_5.png */ = {isa = PBXFileReference; lastKnownFileType = image.png; path = Wind_5.png; sourceTree = "<group>"; };
		C61DEB7022514C35004BAADF /* Explosion_6.png */ = {isa = PBXFileReference; lastKnownFileType = image.png; path = Explosion_6.png; sourceTree = "<group>"; };
		C61DEB7122514C35004BAADF /* Wind_3.png */ = {isa = PBXFileReference; lastKnownFileType = image.png; path = Wind_3.png; sourceTree = "<group>"; };
		C61DEB7222514C35004BAADF /* Explosion_2.png */ = {isa = PBXFileReference; lastKnownFileType = image.png; path = Explosion_2.png; sourceTree = "<group>"; };
		C61DEB7322514C35004BAADF /* Wind_8.png */ = {isa = PBXFileReference; lastKnownFileType = image.png; path = Wind_8.png; sourceTree = "<group>"; };
		C61DEB7422514C36004BAADF /* Bomb_3.png */ = {isa = PBXFileReference; lastKnownFileType = image.png; path = Bomb_3.png; sourceTree = "<group>"; };
		C61DEB7522514C36004BAADF /* Wind_4.png */ = {isa = PBXFileReference; lastKnownFileType = image.png; path = Wind_4.png; sourceTree = "<group>"; };
		C61DEB7622514C36004BAADF /* Explosion_5.png */ = {isa = PBXFileReference; lastKnownFileType = image.png; path = Explosion_5.png; sourceTree = "<group>"; };
		C61DEB7722514C36004BAADF /* Wind_7.png */ = {isa = PBXFileReference; lastKnownFileType = image.png; path = Wind_7.png; sourceTree = "<group>"; };
		C61DEB7822514C36004BAADF /* Wind_13.png */ = {isa = PBXFileReference; lastKnownFileType = image.png; path = Wind_13.png; sourceTree = "<group>"; };
		C61DEB7922514C36004BAADF /* Background.png */ = {isa = PBXFileReference; lastKnownFileType = image.png; path = Background.png; sourceTree = "<group>"; };
		C61DEB7A22514C36004BAADF /* Wind_15.png */ = {isa = PBXFileReference; lastKnownFileType = image.png; path = Wind_15.png; sourceTree = "<group>"; };
		C61DEB9B22514E9F004BAADF /* GameScene+Physics.swift */ = {isa = PBXFileReference; lastKnownFileType = sourcecode.swift; path = "GameScene+Physics.swift"; sourceTree = "<group>"; };
		C61DEB9E22515006004BAADF /* SKSpriteNode+Physics.swift */ = {isa = PBXFileReference; lastKnownFileType = sourcecode.swift; path = "SKSpriteNode+Physics.swift"; sourceTree = "<group>"; };
		C61DEBA02251618F004BAADF /* GameScene+Extras.swift */ = {isa = PBXFileReference; lastKnownFileType = sourcecode.swift; path = "GameScene+Extras.swift"; sourceTree = "<group>"; };
		C61DEBA222516F5F004BAADF /* GameScene+Generators.swift */ = {isa = PBXFileReference; lastKnownFileType = sourcecode.swift; path = "GameScene+Generators.swift"; sourceTree = "<group>"; };
		C67BF9222253A2BB00DA60B3 /* explosion_sound.wav */ = {isa = PBXFileReference; lastKnownFileType = audio.wav; path = explosion_sound.wav; sourceTree = "<group>"; };
/* End PBXFileReference section */

/* Begin PBXFrameworksBuildPhase section */
		C61DEB3B22514B09004BAADF /* Frameworks */ = {
			isa = PBXFrameworksBuildPhase;
			buildActionMask = 2147483647;
			files = (
			);
			runOnlyForDeploymentPostprocessing = 0;
		};
/* End PBXFrameworksBuildPhase section */

/* Begin PBXGroup section */
		6626A66026C2EC2B009F78DA /* Nodes */ = {
			isa = PBXGroup;
			children = (
				6626A65E26C2EC27009F78DA /* Player.swift */,
				6626A66126C2FA46009F78DA /* Enemy.swift */,
				666682662795E2A6005F2DA3 /* GameOverNode.swift */,
			);
			path = Nodes;
			sourceTree = "<group>";
		};
		666682642795D8A8005F2DA3 /* Scenes */ = {
			isa = PBXGroup;
			children = (
				666682652795D8CC005F2DA3 /* GameScene */,
			);
			path = Scenes;
			sourceTree = "<group>";
		};
		666682652795D8CC005F2DA3 /* GameScene */ = {
			isa = PBXGroup;
			children = (
				C61DEB4722514B09004BAADF /* GameScene.swift */,
				C61DEB9B22514E9F004BAADF /* GameScene+Physics.swift */,
				C61DEBA02251618F004BAADF /* GameScene+Extras.swift */,
				C61DEBA222516F5F004BAADF /* GameScene+Generators.swift */,
			);
			path = GameScene;
			sourceTree = "<group>";
		};
		C61DEB3522514B09004BAADF = {
			isa = PBXGroup;
			children = (
				C61DEB4022514B09004BAADF /* Intro */,
				C61DEB3F22514B09004BAADF /* Products */,
			);
			sourceTree = "<group>";
		};
		C61DEB3F22514B09004BAADF /* Products */ = {
			isa = PBXGroup;
			children = (
				C61DEB3E22514B09004BAADF /* Intro.app */,
			);
			name = Products;
			sourceTree = "<group>";
		};
		C61DEB4022514B09004BAADF /* Intro */ = {
			isa = PBXGroup;
			children = (
				C61DEB5A22514C29004BAADF /* Resources */,
				C61DEB5922514B86004BAADF /* Core */,
				C61DEB4E22514B0A004BAADF /* Assets.xcassets */,
				C61DEB5322514B0A004BAADF /* Info.plist */,
			);
			path = Intro;
			sourceTree = "<group>";
		};
		C61DEB5922514B86004BAADF /* Core */ = {
			isa = PBXGroup;
			children = (
				6626A66026C2EC2B009F78DA /* Nodes */,
				C61DEB9D22514FF0004BAADF /* Engine */,
				666682642795D8A8005F2DA3 /* Scenes */,
				C61DEB4122514B09004BAADF /* AppDelegate.swift */,
				C61DEB4922514B09004BAADF /* GameViewController.swift */,
				C61DEB4B22514B09004BAADF /* Main.storyboard */,
				C61DEB5022514B0A004BAADF /* LaunchScreen.storyboard */,
			);
			path = Core;
			sourceTree = "<group>";
		};
		C61DEB5A22514C29004BAADF /* Resources */ = {
			isa = PBXGroup;
			children = (
				C67BF9252253A2D100DA60B3 /* Sounds */,
				C67BF9242253A2C100DA60B3 /* Images */,
			);
			path = Resources;
			sourceTree = "<group>";
		};
		C61DEB9D22514FF0004BAADF /* Engine */ = {
			isa = PBXGroup;
			children = (
				C61DEB9E22515006004BAADF /* SKSpriteNode+Physics.swift */,
			);
			path = Engine;
			sourceTree = "<group>";
		};
		C67BF9242253A2C100DA60B3 /* Images */ = {
			isa = PBXGroup;
			children = (
				66E8B0D526C0738C002716F8 /* Astronaut.jpg */,
				66E8B0D726C076A6002716F8 /* Astronaut1.png */,
				C61DEB7922514C36004BAADF /* Background.png */,
				66A4778126BC5E2200C4652E /* spaceBackground.jpg */,
				C61DEB6222514C34004BAADF /* Bomb_1.png */,
				C61DEB6922514C35004BAADF /* Bomb_2.png */,
				C61DEB7422514C36004BAADF /* Bomb_3.png */,
				C61DEB6822514C35004BAADF /* Explosion_1.png */,
				C61DEB7222514C35004BAADF /* Explosion_2.png */,
				C61DEB6522514C34004BAADF /* Explosion_3.png */,
				C61DEB5F22514C34004BAADF /* Explosion_4.png */,
				C61DEB7622514C36004BAADF /* Explosion_5.png */,
				C61DEB7022514C35004BAADF /* Explosion_6.png */,
				C61DEB6422514C34004BAADF /* Explosion_7.png */,
				C61DEB5C22514C34004BAADF /* Explosion_8.png */,
				C61DEB6A22514C35004BAADF /* Explosion_9.png */,
				C61DEB6322514C34004BAADF /* Explosion_10.png */,
				C61DEB6022514C34004BAADF /* Explosion_11.png */,
				C61DEB6122514C34004BAADF /* Explosion_12.png */,
				66130FE126BC91D5002DA3C0 /* green.png */,
				66A391CD26BDA93D00DC0E85 /* Starfield2.png */,
				66A391CE26BDA93D00DC0E85 /* Starfield7.png */,
				66A391CC26BDA93D00DC0E85 /* Starfield8.png */,
				66A391D526BDAABA00DC0E85 /* BlueNebula1.png */,
				66A391D226BDAAB900DC0E85 /* BlueNebula4.png */,
				66A391D326BDAABA00DC0E85 /* BlueNebula7.png */,
				66A391D426BDAABA00DC0E85 /* BlueNebula8.png */,
				C61DEB5D22514C34004BAADF /* Wind_1.png */,
				C61DEB6E22514C35004BAADF /* Wind_2.png */,
				C61DEB7122514C35004BAADF /* Wind_3.png */,
				C61DEB7522514C36004BAADF /* Wind_4.png */,
				C61DEB6F22514C35004BAADF /* Wind_5.png */,
				C61DEB5E22514C34004BAADF /* Wind_6.png */,
				C61DEB7722514C36004BAADF /* Wind_7.png */,
				C61DEB7322514C35004BAADF /* Wind_8.png */,
				C61DEB5B22514C34004BAADF /* Wind_9.png */,
				C61DEB6722514C35004BAADF /* Wind_10.png */,
				C61DEB6B22514C35004BAADF /* Wind_11.png */,
				C61DEB6D22514C35004BAADF /* Wind_12.png */,
				C61DEB7822514C36004BAADF /* Wind_13.png */,
				C61DEB6C22514C35004BAADF /* Wind_14.png */,
				C61DEB7A22514C36004BAADF /* Wind_15.png */,
				C61DEB6622514C35004BAADF /* Wind_16.png */,
			);
			path = Images;
			sourceTree = "<group>";
		};
		C67BF9252253A2D100DA60B3 /* Sounds */ = {
			isa = PBXGroup;
			children = (
				C67BF9222253A2BB00DA60B3 /* explosion_sound.wav */,
			);
			path = Sounds;
			sourceTree = "<group>";
		};
/* End PBXGroup section */

/* Begin PBXNativeTarget section */
		C61DEB3D22514B09004BAADF /* Intro */ = {
			isa = PBXNativeTarget;
			buildConfigurationList = C61DEB5622514B0A004BAADF /* Build configuration list for PBXNativeTarget "Intro" */;
			buildPhases = (
				C61DEB3A22514B09004BAADF /* Sources */,
				C61DEB3B22514B09004BAADF /* Frameworks */,
				C61DEB3C22514B09004BAADF /* Resources */,
			);
			buildRules = (
			);
			dependencies = (
			);
			name = Intro;
			productName = Intro;
			productReference = C61DEB3E22514B09004BAADF /* Intro.app */;
			productType = "com.apple.product-type.application";
		};
/* End PBXNativeTarget section */

/* Begin PBXProject section */
		C61DEB3622514B09004BAADF /* Project object */ = {
			isa = PBXProject;
			attributes = {
				LastSwiftUpdateCheck = 1020;
				LastUpgradeCheck = 1250;
				ORGANIZATIONNAME = "Developer Academy UCB";
				TargetAttributes = {
					C61DEB3D22514B09004BAADF = {
						CreatedOnToolsVersion = 10.2;
					};
				};
			};
			buildConfigurationList = C61DEB3922514B09004BAADF /* Build configuration list for PBXProject "Intro" */;
			compatibilityVersion = "Xcode 9.3";
			developmentRegion = en;
			hasScannedForEncodings = 0;
			knownRegions = (
				en,
				Base,
			);
			mainGroup = C61DEB3522514B09004BAADF;
			productRefGroup = C61DEB3F22514B09004BAADF /* Products */;
			projectDirPath = "";
			projectRoot = "";
			targets = (
				C61DEB3D22514B09004BAADF /* Intro */,
			);
		};
/* End PBXProject section */

/* Begin PBXResourcesBuildPhase section */
		C61DEB3C22514B09004BAADF /* Resources */ = {
			isa = PBXResourcesBuildPhase;
			buildActionMask = 2147483647;
			files = (
				C61DEB8922514C37004BAADF /* Bomb_2.png in Resources */,
				C61DEB9622514C37004BAADF /* Explosion_5.png in Resources */,
				C61DEB9122514C37004BAADF /* Wind_3.png in Resources */,
				C61DEB8722514C37004BAADF /* Wind_10.png in Resources */,
				C61DEB8C22514C37004BAADF /* Wind_14.png in Resources */,
				C61DEB9722514C37004BAADF /* Wind_7.png in Resources */,
				66E8B0D826C076A6002716F8 /* Astronaut1.png in Resources */,
				C61DEB8F22514C37004BAADF /* Wind_5.png in Resources */,
				C61DEB8422514C37004BAADF /* Explosion_7.png in Resources */,
				C61DEB8522514C37004BAADF /* Explosion_3.png in Resources */,
				66A391D026BDA93D00DC0E85 /* Starfield2.png in Resources */,
				66A391D726BDAABA00DC0E85 /* BlueNebula7.png in Resources */,
				C61DEB9922514C37004BAADF /* Background.png in Resources */,
				C61DEB8622514C37004BAADF /* Wind_16.png in Resources */,
				C61DEB8222514C37004BAADF /* Bomb_1.png in Resources */,
				C61DEB4D22514B09004BAADF /* Main.storyboard in Resources */,
				C61DEB7D22514C37004BAADF /* Wind_1.png in Resources */,
				C61DEB4F22514B0A004BAADF /* Assets.xcassets in Resources */,
				66A391D826BDAABA00DC0E85 /* BlueNebula8.png in Resources */,
				66A391D926BDAABA00DC0E85 /* BlueNebula1.png in Resources */,
				C61DEB7C22514C37004BAADF /* Explosion_8.png in Resources */,
				C61DEB9222514C37004BAADF /* Explosion_2.png in Resources */,
				66A391D126BDA93D00DC0E85 /* Starfield7.png in Resources */,
				C61DEB5222514B0A004BAADF /* LaunchScreen.storyboard in Resources */,
				C61DEB8822514C37004BAADF /* Explosion_1.png in Resources */,
				66130FE226BC91D5002DA3C0 /* green.png in Resources */,
				C61DEB9522514C37004BAADF /* Wind_4.png in Resources */,
				C61DEB7B22514C37004BAADF /* Wind_9.png in Resources */,
				C61DEB8D22514C37004BAADF /* Wind_12.png in Resources */,
				C61DEB9322514C37004BAADF /* Wind_8.png in Resources */,
				C61DEB7F22514C37004BAADF /* Explosion_4.png in Resources */,
				66A391D626BDAABA00DC0E85 /* BlueNebula4.png in Resources */,
				C61DEB9822514C37004BAADF /* Wind_13.png in Resources */,
				C61DEB8322514C37004BAADF /* Explosion_10.png in Resources */,
				C61DEB7E22514C37004BAADF /* Wind_6.png in Resources */,
				C61DEB8122514C37004BAADF /* Explosion_12.png in Resources */,
				C67BF9232253A2BB00DA60B3 /* explosion_sound.wav in Resources */,
				C61DEB8B22514C37004BAADF /* Wind_11.png in Resources */,
				C61DEB8A22514C37004BAADF /* Explosion_9.png in Resources */,
				66A4778226BC5E2200C4652E /* spaceBackground.jpg in Resources */,
				C61DEB8022514C37004BAADF /* Explosion_11.png in Resources */,
				C61DEB9422514C37004BAADF /* Bomb_3.png in Resources */,
				C61DEB8E22514C37004BAADF /* Wind_2.png in Resources */,
				C61DEB9A22514C37004BAADF /* Wind_15.png in Resources */,
				C61DEB9022514C37004BAADF /* Explosion_6.png in Resources */,
				66A391CF26BDA93D00DC0E85 /* Starfield8.png in Resources */,
				66E8B0D626C0738C002716F8 /* Astronaut.jpg in Resources */,
			);
			runOnlyForDeploymentPostprocessing = 0;
		};
/* End PBXResourcesBuildPhase section */

/* Begin PBXSourcesBuildPhase section */
		C61DEB3A22514B09004BAADF /* Sources */ = {
			isa = PBXSourcesBuildPhase;
			buildActionMask = 2147483647;
			files = (
				C61DEBA322516F5F004BAADF /* GameScene+Generators.swift in Sources */,
				C61DEB9C22514E9F004BAADF /* GameScene+Physics.swift in Sources */,
				C61DEB9F22515006004BAADF /* SKSpriteNode+Physics.swift in Sources */,
				C61DEB4822514B09004BAADF /* GameScene.swift in Sources */,
				6626A65F26C2EC27009F78DA /* Player.swift in Sources */,
				6626A66226C2FA46009F78DA /* Enemy.swift in Sources */,
				C61DEB4A22514B09004BAADF /* GameViewController.swift in Sources */,
				C61DEB4222514B09004BAADF /* AppDelegate.swift in Sources */,
				C61DEBA12251618F004BAADF /* GameScene+Extras.swift in Sources */,
				666682672795E2A6005F2DA3 /* GameOverNode.swift in Sources */,
			);
			runOnlyForDeploymentPostprocessing = 0;
		};
/* End PBXSourcesBuildPhase section */

/* Begin PBXVariantGroup section */
		C61DEB4B22514B09004BAADF /* Main.storyboard */ = {
			isa = PBXVariantGroup;
			children = (
				C61DEB4C22514B09004BAADF /* Base */,
			);
			name = Main.storyboard;
			sourceTree = "<group>";
		};
		C61DEB5022514B0A004BAADF /* LaunchScreen.storyboard */ = {
			isa = PBXVariantGroup;
			children = (
				C61DEB5122514B0A004BAADF /* Base */,
			);
			name = LaunchScreen.storyboard;
			sourceTree = "<group>";
		};
/* End PBXVariantGroup section */

/* Begin XCBuildConfiguration section */
		C61DEB5422514B0A004BAADF /* Debug */ = {
			isa = XCBuildConfiguration;
			buildSettings = {
				ALWAYS_SEARCH_USER_PATHS = NO;
				CLANG_ANALYZER_NONNULL = YES;
				CLANG_ANALYZER_NUMBER_OBJECT_CONVERSION = YES_AGGRESSIVE;
				CLANG_CXX_LANGUAGE_STANDARD = "gnu++14";
				CLANG_CXX_LIBRARY = "libc++";
				CLANG_ENABLE_MODULES = YES;
				CLANG_ENABLE_OBJC_ARC = YES;
				CLANG_ENABLE_OBJC_WEAK = YES;
				CLANG_WARN_BLOCK_CAPTURE_AUTORELEASING = YES;
				CLANG_WARN_BOOL_CONVERSION = YES;
				CLANG_WARN_COMMA = YES;
				CLANG_WARN_CONSTANT_CONVERSION = YES;
				CLANG_WARN_DEPRECATED_OBJC_IMPLEMENTATIONS = YES;
				CLANG_WARN_DIRECT_OBJC_ISA_USAGE = YES_ERROR;
				CLANG_WARN_DOCUMENTATION_COMMENTS = YES;
				CLANG_WARN_EMPTY_BODY = YES;
				CLANG_WARN_ENUM_CONVERSION = YES;
				CLANG_WARN_INFINITE_RECURSION = YES;
				CLANG_WARN_INT_CONVERSION = YES;
				CLANG_WARN_NON_LITERAL_NULL_CONVERSION = YES;
				CLANG_WARN_OBJC_IMPLICIT_RETAIN_SELF = YES;
				CLANG_WARN_OBJC_LITERAL_CONVERSION = YES;
				CLANG_WARN_OBJC_ROOT_CLASS = YES_ERROR;
				CLANG_WARN_QUOTED_INCLUDE_IN_FRAMEWORK_HEADER = YES;
				CLANG_WARN_RANGE_LOOP_ANALYSIS = YES;
				CLANG_WARN_STRICT_PROTOTYPES = YES;
				CLANG_WARN_SUSPICIOUS_MOVE = YES;
				CLANG_WARN_UNGUARDED_AVAILABILITY = YES_AGGRESSIVE;
				CLANG_WARN_UNREACHABLE_CODE = YES;
				CLANG_WARN__DUPLICATE_METHOD_MATCH = YES;
				CODE_SIGN_IDENTITY = "iPhone Developer";
				COPY_PHASE_STRIP = NO;
				DEBUG_INFORMATION_FORMAT = dwarf;
				ENABLE_STRICT_OBJC_MSGSEND = YES;
				ENABLE_TESTABILITY = YES;
				GCC_C_LANGUAGE_STANDARD = gnu11;
				GCC_DYNAMIC_NO_PIC = NO;
				GCC_NO_COMMON_BLOCKS = YES;
				GCC_OPTIMIZATION_LEVEL = 0;
				GCC_PREPROCESSOR_DEFINITIONS = (
					"DEBUG=1",
					"$(inherited)",
				);
				GCC_WARN_64_TO_32_BIT_CONVERSION = YES;
				GCC_WARN_ABOUT_RETURN_TYPE = YES_ERROR;
				GCC_WARN_UNDECLARED_SELECTOR = YES;
				GCC_WARN_UNINITIALIZED_AUTOS = YES_AGGRESSIVE;
				GCC_WARN_UNUSED_FUNCTION = YES;
				GCC_WARN_UNUSED_VARIABLE = YES;
				IPHONEOS_DEPLOYMENT_TARGET = 12.2;
				MTL_ENABLE_DEBUG_INFO = INCLUDE_SOURCE;
				MTL_FAST_MATH = YES;
				ONLY_ACTIVE_ARCH = YES;
				SDKROOT = iphoneos;
				SWIFT_ACTIVE_COMPILATION_CONDITIONS = DEBUG;
				SWIFT_OPTIMIZATION_LEVEL = "-Onone";
			};
			name = Debug;
		};
		C61DEB5522514B0A004BAADF /* Release */ = {
			isa = XCBuildConfiguration;
			buildSettings = {
				ALWAYS_SEARCH_USER_PATHS = NO;
				CLANG_ANALYZER_NONNULL = YES;
				CLANG_ANALYZER_NUMBER_OBJECT_CONVERSION = YES_AGGRESSIVE;
				CLANG_CXX_LANGUAGE_STANDARD = "gnu++14";
				CLANG_CXX_LIBRARY = "libc++";
				CLANG_ENABLE_MODULES = YES;
				CLANG_ENABLE_OBJC_ARC = YES;
				CLANG_ENABLE_OBJC_WEAK = YES;
				CLANG_WARN_BLOCK_CAPTURE_AUTORELEASING = YES;
				CLANG_WARN_BOOL_CONVERSION = YES;
				CLANG_WARN_COMMA = YES;
				CLANG_WARN_CONSTANT_CONVERSION = YES;
				CLANG_WARN_DEPRECATED_OBJC_IMPLEMENTATIONS = YES;
				CLANG_WARN_DIRECT_OBJC_ISA_USAGE = YES_ERROR;
				CLANG_WARN_DOCUMENTATION_COMMENTS = YES;
				CLANG_WARN_EMPTY_BODY = YES;
				CLANG_WARN_ENUM_CONVERSION = YES;
				CLANG_WARN_INFINITE_RECURSION = YES;
				CLANG_WARN_INT_CONVERSION = YES;
				CLANG_WARN_NON_LITERAL_NULL_CONVERSION = YES;
				CLANG_WARN_OBJC_IMPLICIT_RETAIN_SELF = YES;
				CLANG_WARN_OBJC_LITERAL_CONVERSION = YES;
				CLANG_WARN_OBJC_ROOT_CLASS = YES_ERROR;
				CLANG_WARN_QUOTED_INCLUDE_IN_FRAMEWORK_HEADER = YES;
				CLANG_WARN_RANGE_LOOP_ANALYSIS = YES;
				CLANG_WARN_STRICT_PROTOTYPES = YES;
				CLANG_WARN_SUSPICIOUS_MOVE = YES;
				CLANG_WARN_UNGUARDED_AVAILABILITY = YES_AGGRESSIVE;
				CLANG_WARN_UNREACHABLE_CODE = YES;
				CLANG_WARN__DUPLICATE_METHOD_MATCH = YES;
				CODE_SIGN_IDENTITY = "iPhone Developer";
				COPY_PHASE_STRIP = NO;
				DEBUG_INFORMATION_FORMAT = "dwarf-with-dsym";
				ENABLE_NS_ASSERTIONS = NO;
				ENABLE_STRICT_OBJC_MSGSEND = YES;
				GCC_C_LANGUAGE_STANDARD = gnu11;
				GCC_NO_COMMON_BLOCKS = YES;
				GCC_WARN_64_TO_32_BIT_CONVERSION = YES;
				GCC_WARN_ABOUT_RETURN_TYPE = YES_ERROR;
				GCC_WARN_UNDECLARED_SELECTOR = YES;
				GCC_WARN_UNINITIALIZED_AUTOS = YES_AGGRESSIVE;
				GCC_WARN_UNUSED_FUNCTION = YES;
				GCC_WARN_UNUSED_VARIABLE = YES;
				IPHONEOS_DEPLOYMENT_TARGET = 12.2;
				MTL_ENABLE_DEBUG_INFO = NO;
				MTL_FAST_MATH = YES;
				SDKROOT = iphoneos;
				SWIFT_COMPILATION_MODE = wholemodule;
				SWIFT_OPTIMIZATION_LEVEL = "-O";
				VALIDATE_PRODUCT = YES;
			};
			name = Release;
		};
		C61DEB5722514B0A004BAADF /* Debug */ = {
			isa = XCBuildConfiguration;
			buildSettings = {
				ASSETCATALOG_COMPILER_APPICON_NAME = AppIcon;
				CODE_SIGN_STYLE = Automatic;
				DEVELOPMENT_TEAM = JLB6AGL526;
				INFOPLIST_FILE = Intro/Info.plist;
				IPHONEOS_DEPLOYMENT_TARGET = 9.0;
				LD_RUNPATH_SEARCH_PATHS = (
					"$(inherited)",
					"@executable_path/Frameworks",
				);
				PRODUCT_BUNDLE_IDENTIFIER = br.com.GustavoBraghin.AstroRun;
				PRODUCT_NAME = "$(TARGET_NAME)";
				SWIFT_VERSION = 5.0;
				TARGETED_DEVICE_FAMILY = 1;
			};
			name = Debug;
		};
		C61DEB5822514B0A004BAADF /* Release */ = {
			isa = XCBuildConfiguration;
			buildSettings = {
				ASSETCATALOG_COMPILER_APPICON_NAME = AppIcon;
				CODE_SIGN_STYLE = Automatic;
				DEVELOPMENT_TEAM = JLB6AGL526;
				INFOPLIST_FILE = Intro/Info.plist;
				IPHONEOS_DEPLOYMENT_TARGET = 9.0;
				LD_RUNPATH_SEARCH_PATHS = (
					"$(inherited)",
					"@executable_path/Frameworks",
				);
				PRODUCT_BUNDLE_IDENTIFIER = br.com.GustavoBraghin.AstroRun;
				PRODUCT_NAME = "$(TARGET_NAME)";
				SWIFT_VERSION = 5.0;
				TARGETED_DEVICE_FAMILY = 1;
			};
			name = Release;
		};
/* End XCBuildConfiguration section */

/* Begin XCConfigurationList section */
		C61DEB3922514B09004BAADF /* Build configuration list for PBXProject "Intro" */ = {
			isa = XCConfigurationList;
			buildConfigurations = (
				C61DEB5422514B0A004BAADF /* Debug */,
				C61DEB5522514B0A004BAADF /* Release */,
			);
			defaultConfigurationIsVisible = 0;
			defaultConfigurationName = Release;
		};
		C61DEB5622514B0A004BAADF /* Build configuration list for PBXNativeTarget "Intro" */ = {
			isa = XCConfigurationList;
			buildConfigurations = (
				C61DEB5722514B0A004BAADF /* Debug */,
				C61DEB5822514B0A004BAADF /* Release */,
			);
			defaultConfigurationIsVisible = 0;
			defaultConfigurationName = Release;
		};
/* End XCConfigurationList section */
	};
	rootObject = C61DEB3622514B09004BAADF /* Project object */;
}
